Microsoft Visual Studio Solution File, Format Version 12.00
# Visual Studio 15
VisualStudioVersion = 15.0.26430.14
MinimumVisualStudioVersion = 10.0.40219.1
Project("{FAE04EC0-301F-11D3-BF4B-00C04F79EFBC}") = "PayQuicker.API", "PayQuicker.API/PayQuicker.API.csproj", "{902928fb-3fd6-4cca-8539-70acd304e888}"
EndProject
Project("{FAE04EC0-301F-11D3-BF4B-00C04F79EFBC}") = "PayQuickerSDK.Tests", "PayQuickerSDK.Tests/PayQuickerSDK.Tests.csproj", "{af1364b5-acdb-4a7b-ae6a-dbcd89ecbef7}"
EndProject
Global
    GlobalSection(SolutionConfigurationPlatforms) = preSolution
        Debug|Any CPU = Debug|Any CPU
        Release|Any CPU = Release|Any CPU
    EndGlobalSection
    GlobalSection(ProjectConfigurationPlatforms) = postSolution
        {902928fb-3fd6-4cca-8539-70acd304e888}.Debug|Any CPU.ActiveCfg = Debug|Any CPU
        {902928fb-3fd6-4cca-8539-70acd304e888}.Debug|Any CPU.Build.0 = Debug|Any CPU
        {902928fb-3fd6-4cca-8539-70acd304e888}.Release|Any CPU.ActiveCfg = Release|Any CPU
        {902928fb-3fd6-4cca-8539-70acd304e888}.Release|Any CPU.Build.0 = Release|Any CPU
        {af1364b5-acdb-4a7b-ae6a-dbcd89ecbef7}.Debug|Any CPU.ActiveCfg = Debug|Any CPU
        {af1364b5-acdb-4a7b-ae6a-dbcd89ecbef7}.Debug|Any CPU.Build.0 = Debug|Any CPU
        {af1364b5-acdb-4a7b-ae6a-dbcd89ecbef7}.Release|Any CPU.ActiveCfg = Release|Any CPU
        {af1364b5-acdb-4a7b-ae6a-dbcd89ecbef7}.Release|Any CPU.Build.0 = Release|Any CPU
    EndGlobalSection
    GlobalSection(SolutionProperties) = preSolution
        HideSolutionNode = FALSE
    EndGlobalSection
EndGlobal